
Microsoft Visual Studio Solution File, Format Version 12.00
# Visual Studio Version 16
VisualStudioVersion = 16.0.29306.81
MinimumVisualStudioVersion = 10.0.40219.1
Project("{FAE04EC0-301F-11D3-BF4B-00C04F79EFBC}") = "CalculatorApp", "CalculatorApp\CalculatorApp.csproj", "{870146D2-5A34-4CD2-BF47-42B0908651B2}"
EndProject
Global
	GlobalSection(SolutionConfigurationPlatforms) = preSolution
		Debug|Any CPU = Debug|Any CPU
		Release|Any CPU = Release|Any CPU
	EndGlobalSection
	GlobalSection(ProjectConfigurationPlatforms) = postSolution
		{870146D2-5A34-4CD2-BF47-42B0908651B2}.Debug|Any CPU.ActiveCfg = Debug|Any CPU
		{870146D2-5A34-4CD2-BF47-42B0908651B2}.Debug|Any CPU.Build.0 = Debug|Any CPU
		{870146D2-5A34-4CD2-BF47-42B0908651B2}.Release|Any CPU.ActiveCfg = Release|Any CPU
		{870146D2-5A34-4CD2-BF47-42B0908651B2}.Release|Any CPU.Build.0 = Release|Any CPU
	EndGlobalSection
	GlobalSection(SolutionProperties) = preSolution
		HideSolutionNode = FALSE
	EndGlobalSection
	GlobalSection(ExtensibilityGlobals) = postSolution
		SolutionGuid = {392C04C0-74F2-4EBE-A64C-E8291A37CAF3}
	EndGlobalSection
EndGlobal
